# This file is automatically @generated by Cargo.
# It is not intended for manual editing.
version = 4

[[package]]
name = "ryu"
version = "1.0.22"
source = "registry+https://github.com/rust-lang/crates.io-index"
checksum = "a50f4cf475b65d88e057964e0e9bb1f0aa9bbb2036dc65c64596b42932536984"

[[package]]
name = "uom"
version = "0.1.0"
dependencies = [
 "ryu",
]
